
Microsoft Visual Studio Solution File, Format Version 12.00
# Visual Studio Version 17
VisualStudioVersion = 17.9.34622.214
MinimumVisualStudioVersion = 10.0.40219.1
Project("{9A19103F-16F7-4668-BE54-9A1E7A4F7556}") = "Football.Data", "Football.Data\Football.Data.csproj", "{0E8DCC6B-8A63-4166-ADF4-D56F51A086E5}"
EndProject
Project("{9A19103F-16F7-4668-BE54-9A1E7A4F7556}") = "Football.UI", "Football.UI\Football.UI.csproj", "{E65E9111-F20C-42D6-AABA-B720F5C1D303}"
EndProject
Global
	GlobalSection(SolutionConfigurationPlatforms) = preSolution
		Debug|Any CPU = Debug|Any CPU
		Release|Any CPU = Release|Any CPU
	EndGlobalSection
	GlobalSection(ProjectConfigurationPlatforms) = postSolution
		{0E8DCC6B-8A63-4166-ADF4-D56F51A086E5}.Debug|Any CPU.ActiveCfg = Debug|Any CPU
		{0E8DCC6B-8A63-4166-ADF4-D56F51A086E5}.Debug|Any CPU.Build.0 = Debug|Any CPU
		{0E8DCC6B-8A63-4166-ADF4-D56F51A086E5}.Release|Any CPU.ActiveCfg = Release|Any CPU
		{0E8DCC6B-8A63-4166-ADF4-D56F51A086E5}.Release|Any CPU.Build.0 = Release|Any CPU
		{E65E9111-F20C-42D6-AABA-B720F5C1D303}.Debug|Any CPU.ActiveCfg = Debug|Any CPU
		{E65E9111-F20C-42D6-AABA-B720F5C1D303}.Debug|Any CPU.Build.0 = Debug|Any CPU
		{E65E9111-F20C-42D6-AABA-B720F5C1D303}.Release|Any CPU.ActiveCfg = Release|Any CPU
		{E65E9111-F20C-42D6-AABA-B720F5C1D303}.Release|Any CPU.Build.0 = Release|Any CPU
	EndGlobalSection
	GlobalSection(SolutionProperties) = preSolution
		HideSolutionNode = FALSE
	EndGlobalSection
	GlobalSection(ExtensibilityGlobals) = postSolution
		SolutionGuid = {9EAEEF0C-1016-44D5-B9E2-FAE7AD180873}
	EndGlobalSection
EndGlobal
